
Microsoft Visual Studio Solution File, Format Version 12.00
# Visual Studio Version 16
VisualStudioVersion = 16.0.30002.166
MinimumVisualStudioVersion = 10.0.40219.1
Project("{FAE04EC0-301F-11D3-BF4B-00C04F79EFBC}") = "AmazonSQSSenderAPI.Api", "AmazonSQSSenderAPI.Api\AmazonSQSSenderAPI.Api.csproj", "{9D3FBA8A-C13C-4F4F-AFF4-0E28AFFE432F}"
EndProject
Project("{2150E333-8FDC-42A3-9474-1A3956D46DE8}") = "src", "src", "{A0880A79-65CC-4A6E-BD10-69C45935A5AA}"
EndProject
Global
	GlobalSection(SolutionConfigurationPlatforms) = preSolution
		Debug|Any CPU = Debug|Any CPU
		Release|Any CPU = Release|Any CPU
	EndGlobalSection
	GlobalSection(ProjectConfigurationPlatforms) = postSolution
		{9D3FBA8A-C13C-4F4F-AFF4-0E28AFFE432F}.Debug|Any CPU.ActiveCfg = Debug|Any CPU
		{9D3FBA8A-C13C-4F4F-AFF4-0E28AFFE432F}.Debug|Any CPU.Build.0 = Debug|Any CPU
		{9D3FBA8A-C13C-4F4F-AFF4-0E28AFFE432F}.Release|Any CPU.ActiveCfg = Release|Any CPU
		{9D3FBA8A-C13C-4F4F-AFF4-0E28AFFE432F}.Release|Any CPU.Build.0 = Release|Any CPU
	EndGlobalSection
	GlobalSection(SolutionProperties) = preSolution
		HideSolutionNode = FALSE
	EndGlobalSection
	GlobalSection(NestedProjects) = preSolution
		{9D3FBA8A-C13C-4F4F-AFF4-0E28AFFE432F} = {A0880A79-65CC-4A6E-BD10-69C45935A5AA}
	EndGlobalSection
	GlobalSection(ExtensibilityGlobals) = postSolution
		SolutionGuid = {F386EB7E-7C45-40B7-928B-36407B55A96F}
	EndGlobalSection
EndGlobal
